
Microsoft Visual Studio Solution File, Format Version 12.00
# Visual Studio Version 17
VisualStudioVersion = 17.5.33516.290
MinimumVisualStudioVersion = 10.0.40219.1
Project("{9A19103F-16F7-4668-BE54-9A1E7A4F7556}") = "BookManager.Domain", "BookManager.Domain\BookManager.Domain.csproj", "{60BFBDFC-CB76-49CF-94F0-C0E377E28C72}"
EndProject
Project("{FAE04EC0-301F-11D3-BF4B-00C04F79EFBC}") = "BookManager.Web", "BookManager.Web\BookManager.Web.csproj", "{678F72FF-621C-45EC-B9F8-E25BBC07B0E5}"
EndProject
Global
	GlobalSection(SolutionConfigurationPlatforms) = preSolution
		Debug|Any CPU = Debug|Any CPU
		Release|Any CPU = Release|Any CPU
	EndGlobalSection
	GlobalSection(ProjectConfigurationPlatforms) = postSolution
		{60BFBDFC-CB76-49CF-94F0-C0E377E28C72}.Debug|Any CPU.ActiveCfg = Debug|Any CPU
		{60BFBDFC-CB76-49CF-94F0-C0E377E28C72}.Debug|Any CPU.Build.0 = Debug|Any CPU
		{60BFBDFC-CB76-49CF-94F0-C0E377E28C72}.Release|Any CPU.ActiveCfg = Release|Any CPU
		{60BFBDFC-CB76-49CF-94F0-C0E377E28C72}.Release|Any CPU.Build.0 = Release|Any CPU
		{678F72FF-621C-45EC-B9F8-E25BBC07B0E5}.Debug|Any CPU.ActiveCfg = Debug|Any CPU
		{678F72FF-621C-45EC-B9F8-E25BBC07B0E5}.Debug|Any CPU.Build.0 = Debug|Any CPU
		{678F72FF-621C-45EC-B9F8-E25BBC07B0E5}.Release|Any CPU.ActiveCfg = Release|Any CPU
		{678F72FF-621C-45EC-B9F8-E25BBC07B0E5}.Release|Any CPU.Build.0 = Release|Any CPU
	EndGlobalSection
	GlobalSection(SolutionProperties) = preSolution
		HideSolutionNode = FALSE
	EndGlobalSection
	GlobalSection(ExtensibilityGlobals) = postSolution
		SolutionGuid = {D9EBE48C-25A8-4889-B828-2D1C40B2B20C}
	EndGlobalSection
EndGlobal
